
Microsoft Visual Studio Solution File, Format Version 12.00
# Visual Studio Version 16
VisualStudioVersion = 25.0.1705.7
MinimumVisualStudioVersion = 10.0.40219.1
Project("{FAE04EC0-301F-11D3-BF4B-00C04F79EFBC}") = "kissproxy", "kissproxy\kissproxy.csproj", "{1745D7E9-E0CB-4723-82CD-7326C2EE0A10}"
EndProject
Global
	GlobalSection(SolutionConfigurationPlatforms) = preSolution
		Debug|Any CPU = Debug|Any CPU
		Release|Any CPU = Release|Any CPU
	EndGlobalSection
	GlobalSection(ProjectConfigurationPlatforms) = postSolution
		{1745D7E9-E0CB-4723-82CD-7326C2EE0A10}.Debug|Any CPU.ActiveCfg = Debug|Any CPU
		{1745D7E9-E0CB-4723-82CD-7326C2EE0A10}.Debug|Any CPU.Build.0 = Debug|Any CPU
		{1745D7E9-E0CB-4723-82CD-7326C2EE0A10}.Release|Any CPU.ActiveCfg = Release|Any CPU
		{1745D7E9-E0CB-4723-82CD-7326C2EE0A10}.Release|Any CPU.Build.0 = Release|Any CPU
	EndGlobalSection
	GlobalSection(SolutionProperties) = preSolution
		HideSolutionNode = FALSE
	EndGlobalSection
	GlobalSection(ExtensibilityGlobals) = postSolution
		SolutionGuid = {FEE8BEB1-AA35-40CA-A715-0772A70E66BE}
	EndGlobalSection
EndGlobal
